// !$*UTF8*$!
{
	archiveVersion = 1;
	classes = {
	};
	objectVersion = 56;
	objects = {

/* Begin PBXBuildFile section */
		D90C9B9D2A3E34A600C5A2DB /* EverflowApp.swift in Sources */ = {isa = PBXBuildFile; fileRef = D90C9B9C2A3E34A600C5A2DB /* EverflowApp.swift */; };
		D90C9B9F2A3E34A700C5A2DB /* ContentView.swift in Sources */ = {isa = PBXBuildFile; fileRef = D90C9B9E2A3E34A700C5A2DB /* ContentView.swift */; };
		D90C9BA12A3E34A800C5A2DB /* Assets.xcassets in Resources */ = {isa = PBXBuildFile; fileRef = D90C9BA02A3E34A800C5A2DB /* Assets.xcassets */; };
		D90C9BA42A3E34A800C5A2DB /* Preview Assets.xcassets in Resources */ = {isa = PBXBuildFile; fileRef = D90C9BA32A3E34A800C5A2DB /* Preview Assets.xcassets */; };
		D90C9BAE2A3E34A800C5A2DB /* EverflowTests.swift in Sources */ = {isa = PBXBuildFile; fileRef = D90C9BAD2A3E34A800C5A2DB /* EverflowTests.swift */; };
		D90C9BB82A3E34A800C5A2DB /* EverflowUITests.swift in Sources */ = {isa = PBXBuildFile; fileRef = D90C9BB72A3E34A800C5A2DB /* EverflowUITests.swift */; };
		D90C9BBA2A3E34A800C5A2DB /* EverflowUITestsLaunchTests.swift in Sources */ = {isa = PBXBuildFile; fileRef = D90C9BB92A3E34A800C5A2DB /* EverflowUITestsLaunchTests.swift */; };
/* End PBXBuildFile section */

/* Begin PBXContainerItemProxy section */
		D90C9BAA2A3E34A800C5A2DB /* PBXContainerItemProxy */ = {
			isa = PBXContainerItemProxy;
			containerPortal = D90C9B912A3E34A600C5A2DB /* Project object */;
			proxyType = 1;
			remoteGlobalIDString = D90C9B982A3E34A600C5A2DB;
			remoteInfo = Everflow;
		};
		D90C9BB42A3E34A800C5A2DB /* PBXContainerItemProxy */ = {
			isa = PBXContainerItemProxy;
			containerPortal = D90C9B912A3E34A600C5A2DB /* Project object */;
			proxyType = 1;
			remoteGlobalIDString = D90C9B982A3E34A600C5A2DB;
			remoteInfo = Everflow;
		};
/* End PBXContainerItemProxy section */

/* Begin PBXFileReference section */
		D90C9B992A3E34A600C5A2DB /* Everflow.app */ = {isa = PBXFileReference; explicitFileType = wrapper.application; includeInIndex = 0; path = Everflow.app; sourceTree = BUILT_PRODUCTS_DIR; };
		D90C9B9C2A3E34A600C5A2DB /* EverflowApp.swift */ = {isa = PBXFileReference; lastKnownFileType = sourcecode.swift; path = EverflowApp.swift; sourceTree = "<group>"; };
		D90C9B9E2A3E34A700C5A2DB /* ContentView.swift */ = {isa = PBXFileReference; lastKnownFileType = sourcecode.swift; path = ContentView.swift; sourceTree = "<group>"; };
		D90C9BA02A3E34A800C5A2DB /* Assets.xcassets */ = {isa = PBXFileReference; lastKnownFileType = folder.assetcatalog; path = Assets.xcassets; sourceTree = "<group>"; };
		D90C9BA32A3E34A800C5A2DB /* Preview Assets.xcassets */ = {isa = PBXFileReference; lastKnownFileType = folder.assetcatalog; path = "Preview Assets.xcassets"; sourceTree = "<group>"; };
		D90C9BA92A3E34A800C5A2DB /* EverflowTests.xctest */ = {isa = PBXFileReference; explicitFileType = wrapper.cfbundle; includeInIndex = 0; path = EverflowTests.xctest; sourceTree = BUILT_PRODUCTS_DIR; };
		D90C9BAD2A3E34A800C5A2DB /* EverflowTests.swift */ = {isa = PBXFileReference; lastKnownFileType = sourcecode.swift; path = EverflowTests.swift; sourceTree = "<group>"; };
		D90C9BB32A3E34A800C5A2DB /* EverflowUITests.xctest */ = {isa = PBXFileReference; explicitFileType = wrapper.cfbundle; includeInIndex = 0; path = EverflowUITests.xctest; sourceTree = BUILT_PRODUCTS_DIR; };
		D90C9BB72A3E34A800C5A2DB /* EverflowUITests.swift */ = {isa = PBXFileReference; lastKnownFileType = sourcecode.swift; path = EverflowUITests.swift; sourceTree = "<group>"; };
		D90C9BB92A3E34A800C5A2DB /* EverflowUITestsLaunchTests.swift */ = {isa = PBXFileReference; lastKnownFileType = sourcecode.swift; path = EverflowUITestsLaunchTests.swift; sourceTree = "<group>"; };
/* End PBXFileReference section */

/* Begin PBXFrameworksBuildPhase section */
		D90C9B962A3E34A600C5A2DB /* Frameworks */ = {
			isa = PBXFrameworksBuildPhase;
			buildActionMask = 2147483647;
			files = (
			);
			runOnlyForDeploymentPostprocessing = 0;
		};
		D90C9BA62A3E34A800C5A2DB /* Frameworks */ = {
			isa = PBXFrameworksBuildPhase;
			buildActionMask = 2147483647;
			files = (
			);
			runOnlyForDeploymentPostprocessing = 0;
		};
		D90C9BB02A3E34A800C5A2DB /* Frameworks */ = {
			isa = PBXFrameworksBuildPhase;
			buildActionMask = 2147483647;
			files = (
			);
			runOnlyForDeploymentPostprocessing = 0;
		};
/* End PBXFrameworksBuildPhase section */

/* Begin PBXGroup section */
		D90C9B902A3E34A600C5A2DB = {
			isa = PBXGroup;
			children = (
				D90C9B9B2A3E34A600C5A2DB /* Everflow */,
				D90C9BAC2A3E34A800C5A2DB /* EverflowTests */,
				D90C9BB62A3E34A800C5A2DB /* EverflowUITests */,
				D90C9B9A2A3E34A600C5A2DB /* Products */,
			);
			sourceTree = "<group>";
		};
		D90C9B9A2A3E34A600C5A2DB /* Products */ = {
			isa = PBXGroup;
			children = (
				D90C9B992A3E34A600C5A2DB /* Everflow.app */,
				D90C9BA92A3E34A800C5A2DB /* EverflowTests.xctest */,
				D90C9BB32A3E34A800C5A2DB /* EverflowUITests.xctest */,
			);
			name = Products;
			sourceTree = "<group>";
		};
		D90C9B9B2A3E34A600C5A2DB /* Everflow */ = {
			isa = PBXGroup;
			children = (
				D90C9B9C2A3E34A600C5A2DB /* EverflowApp.swift */,
				D90C9B9E2A3E34A700C5A2DB /* ContentView.swift */,
				D90C9BA02A3E34A800C5A2DB /* Assets.xcassets */,
				D90C9BA22A3E34A800C5A2DB /* Preview Content */,
			);
			path = Everflow;
			sourceTree = "<group>";
		};
		D90C9BA22A3E34A800C5A2DB /* Preview Content */ = {
			isa = PBXGroup;
			children = (
				D90C9BA32A3E34A800C5A2DB /* Preview Assets.xcassets */,
			);
			path = "Preview Content";
			sourceTree = "<group>";
		};
		D90C9BAC2A3E34A800C5A2DB /* EverflowTests */ = {
			isa = PBXGroup;
			children = (
				D90C9BAD2A3E34A800C5A2DB /* EverflowTests.swift */,
			);
			path = EverflowTests;
			sourceTree = "<group>";
		};
		D90C9BB62A3E34A800C5A2DB /* EverflowUITests */ = {
			isa = PBXGroup;
			children = (
				D90C9BB72A3E34A800C5A2DB /* EverflowUITests.swift */,
				D90C9BB92A3E34A800C5A2DB /* EverflowUITestsLaunchTests.swift */,
			);
			path = EverflowUITests;
			sourceTree = "<group>";
		};
/* End PBXGroup section */

/* Begin PBXNativeTarget section */
		D90C9B982A3E34A600C5A2DB /* Everflow */ = {
			isa = PBXNativeTarget;
			buildConfigurationList = D90C9BBD2A3E34A800C5A2DB /* Build configuration list for PBXNativeTarget "Everflow" */;
			buildPhases = (
				D90C9B952A3E34A600C5A2DB /* Sources */,
				D90C9B962A3E34A600C5A2DB /* Frameworks */,
				D90C9B972A3E34A600C5A2DB /* Resources */,
			);
			buildRules = (
			);
			dependencies = (
			);
			name = Everflow;
			productName = Everflow;
			productReference = D90C9B992A3E34A600C5A2DB /* Everflow.app */;
			productType = "com.apple.product-type.application";
		};
		D90C9BA82A3E34A800C5A2DB /* EverflowTests */ = {
			isa = PBXNativeTarget;
			buildConfigurationList = D90C9BC02A3E34A800C5A2DB /* Build configuration list for PBXNativeTarget "EverflowTests" */;
			buildPhases = (
				D90C9BA52A3E34A800C5A2DB /* Sources */,
				D90C9BA62A3E34A800C5A2DB /* Frameworks */,
				D90C9BA72A3E34A800C5A2DB /* Resources */,
			);
			buildRules = (
			);
			dependencies = (
				D90C9BAB2A3E34A800C5A2DB /* PBXTargetDependency */,
			);
			name = EverflowTests;
			productName = EverflowTests;
			productReference = D90C9BA92A3E34A800C5A2DB /* EverflowTests.xctest */;
			productType = "com.apple.product-type.bundle.unit-test";
		};
		D90C9BB22A3E34A800C5A2DB /* EverflowUITests */ = {
			isa = PBXNativeTarget;
			buildConfigurationList = D90C9BC32A3E34A800C5A2DB /* Build configuration list for PBXNativeTarget "EverflowUITests" */;
			buildPhases = (
				D90C9BAF2A3E34A800C5A2DB /* Sources */,
				D90C9BB02A3E34A800C5A2DB /* Frameworks */,
				D90C9BB12A3E34A800C5A2DB /* Resources */,
			);
			buildRules = (
			);
			dependencies = (
				D90C9BB52A3E34A800C5A2DB /* PBXTargetDependency */,
			);
			name = EverflowUITests;
			productName = EverflowUITests;
			productReference = D90C9BB32A3E34A800C5A2DB /* EverflowUITests.xctest */;
			productType = "com.apple.product-type.bundle.ui-testing";
		};
/* End PBXNativeTarget section */

/* Begin PBXProject section */
		D90C9B912A3E34A600C5A2DB /* Project object */ = {
			isa = PBXProject;
			attributes = {
				BuildIndependentTargetsInParallel = 1;
				LastSwiftUpdateCheck = 1430;
				LastUpgradeCheck = 1430;
				TargetAttributes = {
					D90C9B982A3E34A600C5A2DB = {
						CreatedOnToolsVersion = 14.3.1;
					};
					D90C9BA82A3E34A800C5A2DB = {
						CreatedOnToolsVersion = 14.3.1;
						TestTargetID = D90C9B982A3E34A600C5A2DB;
					};
					D90C9BB22A3E34A800C5A2DB = {
						CreatedOnToolsVersion = 14.3.1;
						TestTargetID = D90C9B982A3E34A600C5A2DB;
					};
				};
			};
			buildConfigurationList = D90C9B942A3E34A600C5A2DB /* Build configuration list for PBXProject "Everflow" */;
			compatibilityVersion = "Xcode 14.0";
			developmentRegion = en;
			hasScannedForEncodings = 0;
			knownRegions = (
				en,
				Base,
			);
			mainGroup = D90C9B902A3E34A600C5A2DB;
			productRefGroup = D90C9B9A2A3E34A600C5A2DB /* Products */;
			projectDirPath = "";
			projectRoot = "";
			targets = (
				D90C9B982A3E34A600C5A2DB /* Everflow */,
				D90C9BA82A3E34A800C5A2DB /* EverflowTests */,
				D90C9BB22A3E34A800C5A2DB /* EverflowUITests */,
			);
		};
/* End PBXProject section */

/* Begin PBXResourcesBuildPhase section */
		D90C9B972A3E34A600C5A2DB /* Resources */ = {
			isa = PBXResourcesBuildPhase;
			buildActionMask = 2147483647;
			files = (
				D90C9BA42A3E34A800C5A2DB /* Preview Assets.xcassets in Resources */,
				D90C9BA12A3E34A800C5A2DB /* Assets.xcassets in Resources */,
			);
			runOnlyForDeploymentPostprocessing = 0;
		};
		D90C9BA72A3E34A800C5A2DB /* Resources */ = {
			isa = PBXResourcesBuildPhase;
			buildActionMask = 2147483647;
			files = (
			);
			runOnlyForDeploymentPostprocessing = 0;
		};
		D90C9BB12A3E34A800C5A2DB /* Resources */ = {
			isa = PBXResourcesBuildPhase;
			buildActionMask = 2147483647;
			files = (
			);
			runOnlyForDeploymentPostprocessing = 0;
		};
/* End PBXResourcesBuildPhase section */

/* Begin PBXSourcesBuildPhase section */
		D90C9B952A3E34A600C5A2DB /* Sources */ = {
			isa = PBXSourcesBuildPhase;
			buildActionMask = 2147483647;
			files = (
				D90C9B9F2A3E34A700C5A2DB /* ContentView.swift in Sources */,
				D90C9B9D2A3E34A600C5A2DB /* EverflowApp.swift in Sources */,
			);
			runOnlyForDeploymentPostprocessing = 0;
		};
		D90C9BA52A3E34A800C5A2DB /* Sources */ = {
			isa = PBXSourcesBuildPhase;
			buildActionMask = 2147483647;
			files = (
				D90C9BAE2A3E34A800C5A2DB /* EverflowTests.swift in Sources */,
			);
			runOnlyForDeploymentPostprocessing = 0;
		};
		D90C9BAF2A3E34A800C5A2DB /* Sources */ = {
			isa = PBXSourcesBuildPhase;
			buildActionMask = 2147483647;
			files = (
				D90C9BBA2A3E34A800C5A2DB /* EverflowUITestsLaunchTests.swift in Sources */,
				D90C9BB82A3E34A800C5A2DB /* EverflowUITests.swift in Sources */,
			);
			runOnlyForDeploymentPostprocessing = 0;
		};
/* End PBXSourcesBuildPhase section */

/* Begin PBXTargetDependency section */
		D90C9BAB2A3E34A800C5A2DB /* PBXTargetDependency */ = {
			isa = PBXTargetDependency;
			target = D90C9B982A3E34A600C5A2DB /* Everflow */;
			targetProxy = D90C9BAA2A3E34A800C5A2DB /* PBXContainerItemProxy */;
		};
		D90C9BB52A3E34A800C5A2DB /* PBXTargetDependency */ = {
			isa = PBXTargetDependency;
			target = D90C9B982A3E34A600C5A2DB /* Everflow */;
			targetProxy = D90C9BB42A3E34A800C5A2DB /* PBXContainerItemProxy */;
		};
/* End PBXTargetDependency section */

/* Begin XCBuildConfiguration section */
		D90C9BBB2A3E34A800C5A2DB /* Debug */ = {
			isa = XCBuildConfiguration;
			buildSettings = {
				ALWAYS_SEARCH_USER_PATHS = NO;
				CLANG_ANALYZER_NONNULL = YES;
				CLANG_ANALYZER_NUMBER_OBJECT_CONVERSION = YES_AGGRESSIVE;
				CLANG_CXX_LANGUAGE_STANDARD = "gnu++20";
				CLANG_ENABLE_MODULES = YES;
				CLANG_ENABLE_OBJC_ARC = YES;
				CLANG_ENABLE_OBJC_WEAK = YES;
				CLANG_WARN_BLOCK_CAPTURE_AUTORELEASING = YES;
				CLANG_WARN_BOOL_CONVERSION = YES;
				CLANG_WARN_COMMA = YES;
				CLANG_WARN_CONSTANT_CONVERSION = YES;
				CLANG_WARN_DEPRECATED_OBJC_IMPLEMENTATIONS = YES;
				CLANG_WARN_DIRECT_OBJC_ISA_USAGE = YES_ERROR;
				CLANG_WARN_DOCUMENTATION_COMMENTS = YES;
				CLANG_WARN_EMPTY_BODY = YES;
				CLANG_WARN_ENUM_CONVERSION = YES;
				CLANG_WARN_INFINITE_RECURSION = YES;
				CLANG_WARN_INT_CONVERSION = YES;
				CLANG_WARN_NON_LITERAL_NULL_CONVERSION = YES;
				CLANG_WARN_OBJC_IMPLICIT_RETAIN_SELF = YES;
				CLANG_WARN_OBJC_LITERAL_CONVERSION = YES;
				CLANG_WARN_OBJC_ROOT_CLASS = YES_ERROR;
				CLANG_WARN_QUOTED_INCLUDE_IN_FRAMEWORK_HEADER = YES;
				CLANG_WARN_RANGE_LOOP_ANALYSIS = YES;
				CLANG_WARN_STRICT_PROTOTYPES = YES;
				CLANG_WARN_SUSPICIOUS_MOVE = YES;
				CLANG_WARN_UNGUARDED_AVAILABILITY = YES_AGGRESSIVE;
				CLANG_WARN_UNREACHABLE_CODE = YES;
				CLANG_WARN__DUPLICATE_METHOD_MATCH = YES;
				COPY_PHASE_STRIP = NO;
				DEBUG_INFORMATION_FORMAT = dwarf;
				ENABLE_STRICT_OBJC_MSGSEND = YES;
				ENABLE_TESTABILITY = YES;
				GCC_C_LANGUAGE_STANDARD = gnu11;
				GCC_DYNAMIC_NO_PIC = NO;
				GCC_NO_COMMON_BLOCKS = YES;
				GCC_OPTIMIZATION_LEVEL = 0;
				GCC_PREPROCESSOR_DEFINITIONS = (
					"DEBUG=1",
					"$(inherited)",
				);
				GCC_WARN_64_TO_32_BIT_CONVERSION = YES;
				GCC_WARN_ABOUT_RETURN_TYPE = YES_ERROR;
				GCC_WARN_UNDECLARED_SELECTOR = YES;
				GCC_WARN_UNINITIALIZED_AUTOS = YES_AGGRESSIVE;
				GCC_WARN_UNUSED_FUNCTION = YES;
				GCC_WARN_UNUSED_VARIABLE = YES;
				IPHONEOS_DEPLOYMENT_TARGET = 16.4;
				MTL_ENABLE_DEBUG_INFO = INCLUDE_SOURCE;
				MTL_FAST_MATH = YES;
				ONLY_ACTIVE_ARCH = YES;
				SDKROOT = iphoneos;
				SWIFT_ACTIVE_COMPILATION_CONDITIONS = DEBUG;
				SWIFT_OPTIMIZATION_LEVEL = "-Onone";
			};
			name = Debug;
		};
		D90C9BBC2A3E34A800C5A2DB /* Release */ = {
			isa = XCBuildConfiguration;
			buildSettings = {
				ALWAYS_SEARCH_USER_PATHS = NO;
				CLANG_ANALYZER_NONNULL = YES;
				CLANG_ANALYZER_NUMBER_OBJECT_CONVERSION = YES_AGGRESSIVE;
				CLANG_CXX_LANGUAGE_STANDARD = "gnu++20";
				CLANG_ENABLE_MODULES = YES;
				CLANG_ENABLE_OBJC_ARC = YES;
				CLANG_ENABLE_OBJC_WEAK = YES;
				CLANG_WARN_BLOCK_CAPTURE_AUTORELEASING = YES;
				CLANG_WARN_BOOL_CONVERSION = YES;
				CLANG_WARN_COMMA = YES;
				CLANG_WARN_CONSTANT_CONVERSION = YES;
				CLANG_WARN_DEPRECATED_OBJC_IMPLEMENTATIONS = YES;
				CLANG_WARN_DIRECT_OBJC_ISA_USAGE = YES_ERROR;
				CLANG_WARN_DOCUMENTATION_COMMENTS = YES;
				CLANG_WARN_EMPTY_BODY = YES;
				CLANG_WARN_ENUM_CONVERSION = YES;
				CLANG_WARN_INFINITE_RECURSION = YES;
				CLANG_WARN_INT_CONVERSION = YES;
				CLANG_WARN_NON_LITERAL_NULL_CONVERSION = YES;
				CLANG_WARN_OBJC_IMPLICIT_RETAIN_SELF = YES;
				CLANG_WARN_OBJC_LITERAL_CONVERSION = YES;
				CLANG_WARN_OBJC_ROOT_CLASS = YES_ERROR;
				CLANG_WARN_QUOTED_INCLUDE_IN_FRAMEWORK_HEADER = YES;
				CLANG_WARN_RANGE_LOOP_ANALYSIS = YES;
				CLANG_WARN_STRICT_PROTOTYPES = YES;
				CLANG_WARN_SUSPICIOUS_MOVE = YES;
				CLANG_WARN_UNGUARDED_AVAILABILITY = YES_AGGRESSIVE;
				CLANG_WARN_UNREACHABLE_CODE = YES;
				CLANG_WARN__DUPLICATE_METHOD_MATCH = YES;
				COPY_PHASE_STRIP = NO;
				DEBUG_INFORMATION_FORMAT = "dwarf-with-dsym";
				ENABLE_NS_ASSERTIONS = NO;
				ENABLE_STRICT_OBJC_MSGSEND = YES;
				GCC_C_LANGUAGE_STANDARD = gnu11;
				GCC_NO_COMMON_BLOCKS = YES;
				GCC_WARN_64_TO_32_BIT_CONVERSION = YES;
				GCC_WARN_ABOUT_RETURN_TYPE = YES_ERROR;
				GCC_WARN_UNDECLARED_SELECTOR = YES;
				GCC_WARN_UNINITIALIZED_AUTOS = YES_AGGRESSIVE;
				GCC_WARN_UNUSED_FUNCTION = YES;
				GCC_WARN_UNUSED_VARIABLE = YES;
				IPHONEOS_DEPLOYMENT_TARGET = 16.4;
				MTL_ENABLE_DEBUG_INFO = NO;
				MTL_FAST_MATH = YES;
				SDKROOT = iphoneos;
				SWIFT_COMPILATION_MODE = wholemodule;
				SWIFT_OPTIMIZATION_LEVEL = "-O";
				VALIDATE_PRODUCT = YES;
			};
			name = Release;
		};
		D90C9BBE2A3E34A800C5A2DB /* Debug */ = {
			isa = XCBuildConfiguration;
			buildSettings = {
				ASSETCATALOG_COMPILER_APPICON_NAME = AppIcon;
				ASSETCATALOG_COMPILER_GLOBAL_ACCENT_COLOR_NAME = AccentColor;
				CODE_SIGN_STYLE = Automatic;
				CURRENT_PROJECT_VERSION = 1;
				DEVELOPMENT_ASSET_PATHS = "\"Everflow/Preview Content\"";
				DEVELOPMENT_TEAM = 3X4KKG8DJ2;
				ENABLE_PREVIEWS = YES;
				GENERATE_INFOPLIST_FILE = YES;
				INFOPLIST_KEY_UIApplicationSceneManifest_Generation = YES;
				INFOPLIST_KEY_UIApplicationSupportsIndirectInputEvents = YES;
				INFOPLIST_KEY_UILaunchScreen_Generation = YES;
				INFOPLIST_KEY_UISupportedInterfaceOrientations_iPad = "UIInterfaceOrientationPortrait UIInterfaceOrientationPortraitUpsideDown UIInterfaceOrientationLandscapeLeft UIInterfaceOrientationLandscapeRight";
				INFOPLIST_KEY_UISupportedInterfaceOrientations_iPhone = "UIInterfaceOrientationPortrait UIInterfaceOrientationLandscapeLeft UIInterfaceOrientationLandscapeRight";
				LD_RUNPATH_SEARCH_PATHS = (
					"$(inherited)",
					"@executable_path/Frameworks",
				);
				MARKETING_VERSION = 1.0;
				PRODUCT_BUNDLE_IDENTIFIER = hula05.Everflow;
				PRODUCT_NAME = "$(TARGET_NAME)";
				SWIFT_EMIT_LOC_STRINGS = YES;
				SWIFT_VERSION = 5.0;
				TARGETED_DEVICE_FAMILY = "1,2";
			};
			name = Debug;
		};
		D90C9BBF2A3E34A800C5A2DB /* Release */ = {
			isa = XCBuildConfiguration;
			buildSettings = {
				ASSETCATALOG_COMPILER_APPICON_NAME = AppIcon;
				ASSETCATALOG_COMPILER_GLOBAL_ACCENT_COLOR_NAME = AccentColor;
				CODE_SIGN_STYLE = Automatic;
				CURRENT_PROJECT_VERSION = 1;
				DEVELOPMENT_ASSET_PATHS = "\"Everflow/Preview Content\"";
				DEVELOPMENT_TEAM = 3X4KKG8DJ2;
				ENABLE_PREVIEWS = YES;
				GENERATE_INFOPLIST_FILE = YES;
				INFOPLIST_KEY_UIApplicationSceneManifest_Generation = YES;
				INFOPLIST_KEY_UIApplicationSupportsIndirectInputEvents = YES;
				INFOPLIST_KEY_UILaunchScreen_Generation = YES;
				INFOPLIST_KEY_UISupportedInterfaceOrientations_iPad = "UIInterfaceOrientationPortrait UIInterfaceOrientationPortraitUpsideDown UIInterfaceOrientationLandscapeLeft UIInterfaceOrientationLandscapeRight";
				INFOPLIST_KEY_UISupportedInterfaceOrientations_iPhone = "UIInterfaceOrientationPortrait UIInterfaceOrientationLandscapeLeft UIInterfaceOrientationLandscapeRight";
				LD_RUNPATH_SEARCH_PATHS = (
					"$(inherited)",
					"@executable_path/Frameworks",
				);
				MARKETING_VERSION = 1.0;
				PRODUCT_BUNDLE_IDENTIFIER = hula05.Everflow;
				PRODUCT_NAME = "$(TARGET_NAME)";
				SWIFT_EMIT_LOC_STRINGS = YES;
				SWIFT_VERSION = 5.0;
				TARGETED_DEVICE_FAMILY = "1,2";
			};
			name = Release;
		};
		D90C9BC12A3E34A800C5A2DB /* Debug */ = {
			isa = XCBuildConfiguration;
			buildSettings = {
				ALWAYS_EMBED_SWIFT_STANDARD_LIBRARIES = YES;
				BUNDLE_LOADER = "$(TEST_HOST)";
				CODE_SIGN_STYLE = Automatic;
				CURRENT_PROJECT_VERSION = 1;
				DEVELOPMENT_TEAM = 3X4KKG8DJ2;
				GENERATE_INFOPLIST_FILE = YES;
				IPHONEOS_DEPLOYMENT_TARGET = 16.4;
				MARKETING_VERSION = 1.0;
				PRODUCT_BUNDLE_IDENTIFIER = hula05.EverflowTests;
				PRODUCT_NAME = "$(TARGET_NAME)";
				SWIFT_EMIT_LOC_STRINGS = NO;
				SWIFT_VERSION = 5.0;
				TARGETED_DEVICE_FAMILY = "1,2";
				TEST_HOST = "$(BUILT_PRODUCTS_DIR)/Everflow.app/$(BUNDLE_EXECUTABLE_FOLDER_PATH)/Everflow";
			};
			name = Debug;
		};
		D90C9BC22A3E34A800C5A2DB /* Release */ = {
			isa = XCBuildConfiguration;
			buildSettings = {
				ALWAYS_EMBED_SWIFT_STANDARD_LIBRARIES = YES;
				BUNDLE_LOADER = "$(TEST_HOST)";
				CODE_SIGN_STYLE = Automatic;
				CURRENT_PROJECT_VERSION = 1;
				DEVELOPMENT_TEAM = 3X4KKG8DJ2;
				GENERATE_INFOPLIST_FILE = YES;
				IPHONEOS_DEPLOYMENT_TARGET = 16.4;
				MARKETING_VERSION = 1.0;
				PRODUCT_BUNDLE_IDENTIFIER = hula05.EverflowTests;
				PRODUCT_NAME = "$(TARGET_NAME)";
				SWIFT_EMIT_LOC_STRINGS = NO;
				SWIFT_VERSION = 5.0;
				TARGETED_DEVICE_FAMILY = "1,2";
				TEST_HOST = "$(BUILT_PRODUCTS_DIR)/Everflow.app/$(BUNDLE_EXECUTABLE_FOLDER_PATH)/Everflow";
			};
			name = Release;
		};
		D90C9BC42A3E34A800C5A2DB /* Debug */ = {
			isa = XCBuildConfiguration;
			buildSettings = {
				ALWAYS_EMBED_SWIFT_STANDARD_LIBRARIES = YES;
				CODE_SIGN_STYLE = Automatic;
				CURRENT_PROJECT_VERSION = 1;
				DEVELOPMENT_TEAM = 3X4KKG8DJ2;
				GENERATE_INFOPLIST_FILE = YES;
				MARKETING_VERSION = 1.0;
				PRODUCT_BUNDLE_IDENTIFIER = hula05.EverflowUITests;
				PRODUCT_NAME = "$(TARGET_NAME)";
				SWIFT_EMIT_LOC_STRINGS = NO;
				SWIFT_VERSION = 5.0;
				TARGETED_DEVICE_FAMILY = "1,2";
				TEST_TARGET_NAME = Everflow;
			};
			name = Debug;
		};
		D90C9BC52A3E34A800C5A2DB /* Release */ = {
			isa = XCBuildConfiguration;
			buildSettings = {
				ALWAYS_EMBED_SWIFT_STANDARD_LIBRARIES = YES;
				CODE_SIGN_STYLE = Automatic;
				CURRENT_PROJECT_VERSION = 1;
				DEVELOPMENT_TEAM = 3X4KKG8DJ2;
				GENERATE_INFOPLIST_FILE = YES;
				MARKETING_VERSION = 1.0;
				PRODUCT_BUNDLE_IDENTIFIER = hula05.EverflowUITests;
				PRODUCT_NAME = "$(TARGET_NAME)";
				SWIFT_EMIT_LOC_STRINGS = NO;
				SWIFT_VERSION = 5.0;
				TARGETED_DEVICE_FAMILY = "1,2";
				TEST_TARGET_NAME = Everflow;
			};
			name = Release;
		};
/* End XCBuildConfiguration section */

/* Begin XCConfigurationList section */
		D90C9B942A3E34A600C5A2DB /* Build configuration list for PBXProject "Everflow" */ = {
			isa = XCConfigurationList;
			buildConfigurations = (
				D90C9BBB2A3E34A800C5A2DB /* Debug */,
				D90C9BBC2A3E34A800C5A2DB /* Release */,
			);
			defaultConfigurationIsVisible = 0;
			defaultConfigurationName = Release;
		};
		D90C9BBD2A3E34A800C5A2DB /* Build configuration list for PBXNativeTarget "Everflow" */ = {
			isa = XCConfigurationList;
			buildConfigurations = (
				D90C9BBE2A3E34A800C5A2DB /* Debug */,
				D90C9BBF2A3E34A800C5A2DB /* Release */,
			);
			defaultConfigurationIsVisible = 0;
			defaultConfigurationName = Release;
		};
		D90C9BC02A3E34A800C5A2DB /* Build configuration list for PBXNativeTarget "EverflowTests" */ = {
			isa = XCConfigurationList;
			buildConfigurations = (
				D90C9BC12A3E34A800C5A2DB /* Debug */,
				D90C9BC22A3E34A800C5A2DB /* Release */,
			);
			defaultConfigurationIsVisible = 0;
			defaultConfigurationName = Release;
		};
		D90C9BC32A3E34A800C5A2DB /* Build configuration list for PBXNativeTarget "EverflowUITests" */ = {
			isa = XCConfigurationList;
			buildConfigurations = (
				D90C9BC42A3E34A800C5A2DB /* Debug */,
				D90C9BC52A3E34A800C5A2DB /* Release */,
			);
			defaultConfigurationIsVisible = 0;
			defaultConfigurationName = Release;
		};
/* End XCConfigurationList section */
	};
	rootObject = D90C9B912A3E34A600C5A2DB /* Project object */;
}
